{
  "name": "images",
  "lockfileVersion": 3,
  "requires": true,
  "packages": {
    "": {
      "devDependencies": {
        "tailwindcss": "^4.1.7",
        "tw-animate-css": "^1.2.9"
      }
    },
    "node_modules/tailwindcss": {
      "version": "4.1.7",
      "resolved": "https://registry.npmjs.org/tailwindcss/-/tailwindcss-4.1.7.tgz",
      "integrity": "sha512-kr1o/ErIdNhTz8uzAYL7TpaUuzKIE6QPQ4qmSdxnoX/lo+5wmUHQA6h3L5yIqEImSRnAAURDirLu/BgiXGPAhg==",
      "dev": true,
      "license": "MIT"
    },
    "node_modules/tw-animate-css": {
      "version": "1.2.9",
      "resolved": "https://registry.npmjs.org/tw-animate-css/-/tw-animate-css-1.2.9.tgz",
      "integrity": "sha512-9O4k1at9pMQff9EAcCEuy1UNO43JmaPQvq+0lwza9Y0BQ6LB38NiMj+qHqjoQf40355MX+gs6wtlR6H9WsSXFg==",
      "dev": true,
      "license": "MIT",
      "funding": {
        "url": "https://github.com/sponsors/Wombosvideo"
      }
    }
  }
}
